
Microsoft Visual Studio Solution File, Format Version 12.00
# Visual Studio 15
VisualStudioVersion = 15.0.27703.2035
MinimumVisualStudioVersion = 10.0.40219.1
Project("{FAE04EC0-301F-11D3-BF4B-00C04F79EFBC}") = "Practica 2", "Practica 2\Practica 2.csproj", "{39BAD597-84C4-443B-93C3-CBA59418723E}"
EndProject
Global
	GlobalSection(SolutionConfigurationPlatforms) = preSolution
		Debug|Any CPU = Debug|Any CPU
		Release|Any CPU = Release|Any CPU
	EndGlobalSection
	GlobalSection(ProjectConfigurationPlatforms) = postSolution
		{39BAD597-84C4-443B-93C3-CBA59418723E}.Debug|Any CPU.ActiveCfg = Debug|Any CPU
		{39BAD597-84C4-443B-93C3-CBA59418723E}.Debug|Any CPU.Build.0 = Debug|Any CPU
		{39BAD597-84C4-443B-93C3-CBA59418723E}.Release|Any CPU.ActiveCfg = Release|Any CPU
		{39BAD597-84C4-443B-93C3-CBA59418723E}.Release|Any CPU.Build.0 = Release|Any CPU
	EndGlobalSection
	GlobalSection(SolutionProperties) = preSolution
		HideSolutionNode = FALSE
	EndGlobalSection
	GlobalSection(ExtensibilityGlobals) = postSolution
		SolutionGuid = {784F9AB1-BA35-4AC3-AA99-6D534CA8FADF}
	EndGlobalSection
EndGlobal
